
Microsoft Visual Studio Solution File, Format Version 12.00
# Visual Studio Version 16
VisualStudioVersion = 16.0.32802.440
MinimumVisualStudioVersion = 10.0.40219.1
Project("{FAE04EC0-301F-11D3-BF4B-00C04F79EFBC}") = "MiPrimeraAplicacion", "MiPrimeraAplicacion\MiPrimeraAplicacion.csproj", "{77E0ED02-6376-4698-9492-3F168BF285BA}"
EndProject
Global
	GlobalSection(SolutionConfigurationPlatforms) = preSolution
		Debug|Any CPU = Debug|Any CPU
		Release|Any CPU = Release|Any CPU
	EndGlobalSection
	GlobalSection(ProjectConfigurationPlatforms) = postSolution
		{77E0ED02-6376-4698-9492-3F168BF285BA}.Debug|Any CPU.ActiveCfg = Debug|Any CPU
		{77E0ED02-6376-4698-9492-3F168BF285BA}.Debug|Any CPU.Build.0 = Debug|Any CPU
		{77E0ED02-6376-4698-9492-3F168BF285BA}.Release|Any CPU.ActiveCfg = Release|Any CPU
		{77E0ED02-6376-4698-9492-3F168BF285BA}.Release|Any CPU.Build.0 = Release|Any CPU
	EndGlobalSection
	GlobalSection(SolutionProperties) = preSolution
		HideSolutionNode = FALSE
	EndGlobalSection
	GlobalSection(ExtensibilityGlobals) = postSolution
		SolutionGuid = {08C3A361-DE3B-4E65-8319-A7AF372D0934}
	EndGlobalSection
EndGlobal
